{
  "version": 2,
  "dependencies": {
    "net8.0": {
      "Fable.Elmish.Browser": {
        "type": "Direct",
        "requested": "[4.1.0, )",
        "resolved": "4.1.0",
        "contentHash": "dEYEByA1fGG4xU67vloIFqizD/okw/LqSYsiMiWvN+3W+rDs8llk+FcddK5+3SyhQEvtGCCMgaAu6tcJ61TtoQ==",
        "dependencies": {
          "FSharp.Core": "4.7.2",
          "Fable.Browser.Dom": "2.18.1",
          "Fable.Elmish": "4.2.0",
          "Fable.Elmish.UrlParser": "1.0.2"
        }
      },
      "Fable.Elmish.Debugger": {
        "type": "Direct",
        "requested": "[4.1.0, )",
        "resolved": "4.1.0",
        "contentHash": "RX7jOdswcfJ7oqA9iZZmOxHMKDhQz0Hlj1KSaI3Y245umsEfFk516aNEgbtvcxpOt//PqSAqPl2lGlgl0zFWaQ==",
        "dependencies": {
          "FSharp.Core": "6.0.7",
          "Fable.Elmish": "4.2.0",
          "Thoth.Json": "6.0.0"
        }
      },
      "Fable.Elmish.React": {
        "type": "Direct",
        "requested": "[4.0.0, )",
        "resolved": "4.0.0",
        "contentHash": "cMuWet7DhxgN2G1caYLwjLvoMkH1u75U36cUyL07yxNt/dmGp8GD/+RTtL9wpkfeThfeJHHouCkR708mJcMRpA==",
        "dependencies": {
          "FSharp.Core": "4.7.2",
          "Fable.Elmish": "4.0.0",
          "Fable.ReactDom.Types": "18.0.0"
        }
      },
      "Fable.React": {
        "type": "Direct",
        "requested": "[9.4.0, )",
        "resolved": "9.4.0",
        "contentHash": "c33FD2BumoYvu4/8bz2ToWaLZyfq2GMo7nq0RB/Bdoj7KdNObNBw2s1jWTi9whcf/s3tmikoXS4gZUKpD9MJ8g==",
        "dependencies": {
          "FSharp.Core": "4.7.2",
          "Fable.React.Types": "18.3.0",
          "Fable.ReactDom.Types": "18.2.0"
        }
      },
      "FSharp.Core": {
        "type": "Direct",
        "requested": "[9.0.202, )",
        "resolved": "9.0.202",
        "contentHash": "p8iGT2PeRL9q0ZIQ3ZhmRMRs4+b5Xaf9SSYKOt/+tDtznMQhHovYWaD1491RvBz8rnxcesAISbrkrjI1/4TUtw=="
      },
      "Fable.Browser.Blob": {
        "type": "Transitive",
        "resolved": "1.4.0",
        "contentHash": "UlaxrIXUfMmABjP+8a4XJp/Af+eCRKa8KJ57Olq4sqphmPLn/gNtp3sk5hRNBZ385lwUszbO5yd3Q/rrl9BdOQ==",
        "dependencies": {
          "FSharp.Core": "4.7.2",
          "Fable.Core": "3.2.8"
        }
      },
      "Fable.Browser.Dom": {
        "type": "Transitive",
        "resolved": "2.18.1",
        "contentHash": "UNrFT/fhsS4voVZgLSO1DwgOu9XAqKhPIfvZlPwcgRmjG85/zfL+RFaG3pJcMGgGd+uqoLKx0SYMWjZCVl+DMg==",
        "dependencies": {
          "FSharp.Core": "4.7.2",
          "Fable.Browser.Blob": "1.4.0",
          "Fable.Browser.Event": "1.7.0",
          "Fable.Browser.WebStorage": "1.3.0",
          "Fable.Core": "3.2.8"
        }
      },
      "Fable.Browser.Event": {
        "type": "Transitive",
        "resolved": "1.7.0",
        "contentHash": "x+wqXQK0l4VlCnELDp68GC/mZAx6NbicDxYPliyAoNq8RPNDeR3R782icNwI5YmA+ufq11XvG6w1JjsL/ldy7w==",
        "dependencies": {
          "FSharp.Core": "4.7.2",
          "Fable.Browser.Gamepad": "1.3.0",
          "Fable.Core": "3.2.8"
        }
      },
      "Fable.Browser.Gamepad": {
        "type": "Transitive",
        "resolved": "1.3.0",
        "contentHash": "C4HZDzCgff+U094QjpQlJh425W5j5/vojvOi2FV5UFS34l7TJ6YBgBPpKoro02QhAi/UF3AeocR+V2yiYxHb0A==",
        "dependencies": {
          "FSharp.Core": "4.7.2",
          "Fable.Core": "3.2.8"
        }
      },
      "Fable.Browser.WebStorage": {
        "type": "Transitive",
        "resolved": "1.3.0",
        "contentHash": "x8JL9oEtPiK0JY4GrRTqhomiLxT6Jaiv5uu8VXiNeA78bFvUogZWxQeejsK83iNFGErK5wpdiPd0tsREZTRLeg==",
        "dependencies": {
          "FSharp.Core": "4.7.2",
          "Fable.Browser.Event": "1.6.0",
          "Fable.Core": "3.2.8"
        }
      },
      "Fable.Core": {
        "type": "Transitive",
        "resolved": "3.7.1",
        "contentHash": "IzcCfF96VRC+Rp4B2VtVdOad2TF+Vxi1aVKHZISIJOUW0aOfeiNHwfBaG85UnY5xjzVwtSYxVEuwHphP/41YnQ=="
      },
      "Fable.Elmish": {
        "type": "Transitive",
        "resolved": "4.2.0",
        "contentHash": "A8lDcHbz2AKcwFa6IlnK8I/21nbsxBcP5Vxq6Gp+jT8dU7Vjpnk8Pbry5+zQrlqjwt1XHU/S5Oo0KZqaGemPUA==",
        "dependencies": {
          "FSharp.Core": "4.7.2",
          "Fable.Core": "3.7.1"
        }
      },
      "Fable.Elmish.UrlParser": {
        "type": "Transitive",
        "resolved": "1.0.2",
        "contentHash": "qGAUCanlmGePl5LNM+eSOt1sEI/AheOvtfQXU8XJcIeIL+61iAmRmyeMBavlscuXzEkMYBO3Mbf147GH/GIUgg==",
        "dependencies": {
          "FSharp.Core": "4.7.2"
        }
      },
      "Fable.React.Types": {
        "type": "Transitive",
        "resolved": "18.3.0",
        "contentHash": "/b8WZ3Bdfhqy9r60ZK9JGZaGNjIMb0ogsrvWIg3k7KfCEvJs5X6+7hCybVkyjVoxwzn9wLyYGRbh5wmuHQT/Vg==",
        "dependencies": {
          "FSharp.Core": "4.7.2",
          "Fable.Browser.Dom": "2.4.4",
          "Fable.Core": "3.2.7"
        }
      },
      "Fable.ReactDom.Types": {
        "type": "Transitive",
        "resolved": "18.2.0",
        "contentHash": "2WoBjsLiSgrvR68OJXko0iVaqeMbkPM5Bx813A1WlxOSCJ50M9fwnlwG/MUEZtiOIhQmku/YTJY5a8E8r1+j2Q==",
        "dependencies": {
          "FSharp.Core": "4.7.2",
          "Fable.React.Types": "18.3.0"
        }
      },
      "Thoth.Json": {
        "type": "Transitive",
        "resolved": "6.0.0",
        "contentHash": "fJ9nhZezOyRIsaluEIj5ytCSCbnsvA7ZCa1kY7KkWPqyHtc+SDvjthz5edoFxOAHH44iSmxl6zakapjMSRJbbw==",
        "dependencies": {
          "FSharp.Core": "4.7.2",
          "Fable.Core": "3.1.6"
        }
      }
    }
  }
}